Microsoft Visual Studio Solution File, Format Version 12.00
# Visual Studio Version 17
VisualStudioVersion = 17.5.2.0
MinimumVisualStudioVersion = 10.0.40219.1
Project("{FAE04EC0-301F-11D3-BF4B-00C04F79EFBC}") = "TesteSenac", "TesteSenac.csproj", "{DC989F72-E52A-5581-E850-702917EC649B}"
EndProject
Global
	GlobalSection(SolutionConfigurationPlatforms) = preSolution
		Debug|Any CPU = Debug|Any CPU
		Release|Any CPU = Release|Any CPU
	EndGlobalSection
	GlobalSection(ProjectConfigurationPlatforms) = postSolution
		{DC989F72-E52A-5581-E850-702917EC649B}.Debug|Any CPU.ActiveCfg = Debug|Any CPU
		{DC989F72-E52A-5581-E850-702917EC649B}.Debug|Any CPU.Build.0 = Debug|Any CPU
		{DC989F72-E52A-5581-E850-702917EC649B}.Release|Any CPU.ActiveCfg = Release|Any CPU
		{DC989F72-E52A-5581-E850-702917EC649B}.Release|Any CPU.Build.0 = Release|Any CPU
	EndGlobalSection
	GlobalSection(SolutionProperties) = preSolution
		HideSolutionNode = FALSE
	EndGlobalSection
	GlobalSection(ExtensibilityGlobals) = postSolution
		SolutionGuid = {A2D665A0-2332-40EF-9F54-DE885D80B1C9}
	EndGlobalSection
EndGlobal
